
Microsoft Visual Studio Solution File, Format Version 12.00
# Visual Studio 15
VisualStudioVersion = 15.0.27703.2042
MinimumVisualStudioVersion = 10.0.40219.1
Project("{FAE04EC0-301F-11D3-BF4B-00C04F79EFBC}") = "PlaneGame", "PlaneGame\PlaneGame.csproj", "{D611DB35-506F-4327-B6C2-4FCF275E4349}"
EndProject
Project("{FAE04EC0-301F-11D3-BF4B-00C04F79EFBC}") = "NetClient", "NetClient\NetClient.csproj", "{4E1D4F94-72A9-4D93-9DE0-D2303262E3FA}"
EndProject
Project("{FAE04EC0-301F-11D3-BF4B-00C04F79EFBC}") = "NetServer", "NetServer\NetServer.csproj", "{AEB775AF-B368-4B09-B90E-4BD5129C48E5}"
EndProject
Global
	GlobalSection(SolutionConfigurationPlatforms) = preSolution
		Debug|Any CPU = Debug|Any CPU
		Release|Any CPU = Release|Any CPU
	EndGlobalSection
	GlobalSection(ProjectConfigurationPlatforms) = postSolution
		{D611DB35-506F-4327-B6C2-4FCF275E4349}.Debug|Any CPU.ActiveCfg = Debug|Any CPU
		{D611DB35-506F-4327-B6C2-4FCF275E4349}.Debug|Any CPU.Build.0 = Debug|Any CPU
		{D611DB35-506F-4327-B6C2-4FCF275E4349}.Release|Any CPU.ActiveCfg = Release|Any CPU
		{D611DB35-506F-4327-B6C2-4FCF275E4349}.Release|Any CPU.Build.0 = Release|Any CPU
		{4E1D4F94-72A9-4D93-9DE0-D2303262E3FA}.Debug|Any CPU.ActiveCfg = Debug|Any CPU
		{4E1D4F94-72A9-4D93-9DE0-D2303262E3FA}.Debug|Any CPU.Build.0 = Debug|Any CPU
		{4E1D4F94-72A9-4D93-9DE0-D2303262E3FA}.Release|Any CPU.ActiveCfg = Release|Any CPU
		{4E1D4F94-72A9-4D93-9DE0-D2303262E3FA}.Release|Any CPU.Build.0 = Release|Any CPU
		{AEB775AF-B368-4B09-B90E-4BD5129C48E5}.Debug|Any CPU.ActiveCfg = Debug|Any CPU
		{AEB775AF-B368-4B09-B90E-4BD5129C48E5}.Debug|Any CPU.Build.0 = Debug|Any CPU
		{AEB775AF-B368-4B09-B90E-4BD5129C48E5}.Release|Any CPU.ActiveCfg = Release|Any CPU
		{AEB775AF-B368-4B09-B90E-4BD5129C48E5}.Release|Any CPU.Build.0 = Release|Any CPU
	EndGlobalSection
	GlobalSection(SolutionProperties) = preSolution
		HideSolutionNode = FALSE
	EndGlobalSection
	GlobalSection(ExtensibilityGlobals) = postSolution
		SolutionGuid = {9A1726F4-45F6-47A9-AD93-447436EB7669}
	EndGlobalSection
EndGlobal
